// !$*UTF8*$!
{
	archiveVersion = 1;
	classes = {
	};
	objectVersion = 55;
	objects = {

/* Begin PBXBuildFile section */
		219DB3D19DEE0C57647A8AF9 /* libPods-iOS-TicketTimerTests.a in Frameworks */ = {isa = PBXBuildFile; fileRef = 061058DA079D7CC55821609E /* libPods-iOS-TicketTimerTests.a */; };
		2E54C13F9D384C01994CC8AD /* Pods_iOS_TicketTimer.framework in Frameworks */ = {isa = PBXBuildFile; fileRef = 59B0BE61CD81AFDBD1B58026 /* Pods_iOS_TicketTimer.framework */; };
		65709A112A91D2E200A9DF7A /* KakaoLogin.swift in Sources */ = {isa = PBXBuildFile; fileRef = 65709A102A91D2E200A9DF7A /* KakaoLogin.swift */; };
		658C86552A78E04D002C65F0 /* AppDelegate.swift in Sources */ = {isa = PBXBuildFile; fileRef = 658C86542A78E04D002C65F0 /* AppDelegate.swift */; };
		658C86572A78E04D002C65F0 /* SceneDelegate.swift in Sources */ = {isa = PBXBuildFile; fileRef = 658C86562A78E04D002C65F0 /* SceneDelegate.swift */; };
		658C865E2A78E051002C65F0 /* Assets.xcassets in Resources */ = {isa = PBXBuildFile; fileRef = 658C865D2A78E051002C65F0 /* Assets.xcassets */; };
		658C86612A78E051002C65F0 /* LaunchScreen.storyboard in Resources */ = {isa = PBXBuildFile; fileRef = 658C865F2A78E051002C65F0 /* LaunchScreen.storyboard */; };
		658C866C2A78E052002C65F0 /* iOS_TicketTimerTests.swift in Sources */ = {isa = PBXBuildFile; fileRef = 658C866B2A78E052002C65F0 /* iOS_TicketTimerTests.swift */; };
		658C86762A78E052002C65F0 /* iOS_TicketTimerUITests.swift in Sources */ = {isa = PBXBuildFile; fileRef = 658C86752A78E052002C65F0 /* iOS_TicketTimerUITests.swift */; };
		658C86782A78E052002C65F0 /* iOS_TicketTimerUITestsLaunchTests.swift in Sources */ = {isa = PBXBuildFile; fileRef = 658C86772A78E052002C65F0 /* iOS_TicketTimerUITestsLaunchTests.swift */; };
		8CBC4AA1BC923B36CF388B3C /* libPods-iOS-TicketTimerUITests.a in Frameworks */ = {isa = PBXBuildFile; fileRef = 3D59F957427AB05DB52C537D /* libPods-iOS-TicketTimerUITests.a */; };
		8F1AFF072ADCD6E700972CFC /* SearchAllResultsView.swift in Sources */ = {isa = PBXBuildFile; fileRef = 8F1AFF062ADCD6E700972CFC /* SearchAllResultsView.swift */; };
		8F1AFF0A2ADE16D200972CFC /* UserDefaultService.swift in Sources */ = {isa = PBXBuildFile; fileRef = 8F1AFF092ADE16D200972CFC /* UserDefaultService.swift */; };
		8F1AFF0C2ADF68C700972CFC /* String+toDate.swift in Sources */ = {isa = PBXBuildFile; fileRef = 8F1AFF0B2ADF68C700972CFC /* String+toDate.swift */; };
		8F1AFF0E2ADF68CD00972CFC /* String+toTime.swift in Sources */ = {isa = PBXBuildFile; fileRef = 8F1AFF0D2ADF68CD00972CFC /* String+toTime.swift */; };
		8F33E9252AD4D30C00B7AD21 /* AlarmSettingViewController.swift in Sources */ = {isa = PBXBuildFile; fileRef = 8F33E9242AD4D30C00B7AD21 /* AlarmSettingViewController.swift */; };
		8F33E9282AD4D55500B7AD21 /* PlatformLabel.swift in Sources */ = {isa = PBXBuildFile; fileRef = 8F33E9272AD4D55500B7AD21 /* PlatformLabel.swift */; };
		8F33E92B2AD4D7EE00B7AD21 /* UIColor+ColorAssests.swift in Sources */ = {isa = PBXBuildFile; fileRef = 8F33E92A2AD4D7EE00B7AD21 /* UIColor+ColorAssests.swift */; };
		8F33E92D2AD4D81000B7AD21 /* UIColor+HexColor.swift in Sources */ = {isa = PBXBuildFile; fileRef = 8F33E92C2AD4D81000B7AD21 /* UIColor+HexColor.swift */; };
		8F33E92F2AD4E01D00B7AD21 /* UILabel+setup.swift in Sources */ = {isa = PBXBuildFile; fileRef = 8F33E92E2AD4E01D00B7AD21 /* UILabel+setup.swift */; };
		8F33E9312AD4EAC200B7AD21 /* NoticeTableViewCell.swift in Sources */ = {isa = PBXBuildFile; fileRef = 8F33E9302AD4EAC200B7AD21 /* NoticeTableViewCell.swift */; };
		8F70CD162AD00D6A00586847 /* MusicalTableViewCell.swift in Sources */ = {isa = PBXBuildFile; fileRef = 8F70CD152AD00D6A00586847 /* MusicalTableViewCell.swift */; };
		8FA0347F2AD0F324001FEC71 /* PaddingLabel.swift in Sources */ = {isa = PBXBuildFile; fileRef = 8FA0347E2AD0F324001FEC71 /* PaddingLabel.swift */; };
		8FA034912AD3E246001FEC71 /* RecentlyViewdCollectionViewCell.swift in Sources */ = {isa = PBXBuildFile; fileRef = 8FA0348F2AD3E246001FEC71 /* RecentlyViewdCollectionViewCell.swift */; };
		8FA034952AD3E258001FEC71 /* SearchReadyView.swift in Sources */ = {isa = PBXBuildFile; fileRef = 8FA034922AD3E258001FEC71 /* SearchReadyView.swift */; };
		8FA034962AD3E258001FEC71 /* SearchInactiveView.swift in Sources */ = {isa = PBXBuildFile; fileRef = 8FA034932AD3E258001FEC71 /* SearchInactiveView.swift */; };
		8FA034972AD3E258001FEC71 /* SearchResultView.swift in Sources */ = {isa = PBXBuildFile; fileRef = 8FA034942AD3E258001FEC71 /* SearchResultView.swift */; };
		8FA0349B2AD3E36D001FEC71 /* RecentlyResearchedTableViewCell.swift in Sources */ = {isa = PBXBuildFile; fileRef = 8FA0349A2AD3E36D001FEC71 /* RecentlyResearchedTableViewCell.swift */; };
		8FA0349D2AD3E521001FEC71 /* MusicalDetailViewController.swift in Sources */ = {isa = PBXBuildFile; fileRef = 8FA0349C2AD3E521001FEC71 /* MusicalDetailViewController.swift */; };
		8FAC38782AE0CA5800F26558 /* LocalAlarm.swift in Sources */ = {isa = PBXBuildFile; fileRef = 8FAC38772AE0CA5800F26558 /* LocalAlarm.swift */; };
		8FAC387A2AE0CABA00F26558 /* AlarmViewModel.swift in Sources */ = {isa = PBXBuildFile; fileRef = 8FAC38792AE0CABA00F26558 /* AlarmViewModel.swift */; };
		8FAC387E2AE0DBDA00F26558 /* String+toDateType.swift in Sources */ = {isa = PBXBuildFile; fileRef = 8FAC387D2AE0DBDA00F26558 /* String+toDateType.swift */; };
		8FAC38802AE10BC200F26558 /* String+toDateAndTime.swift in Sources */ = {isa = PBXBuildFile; fileRef = 8FAC387F2AE10BC200F26558 /* String+toDateAndTime.swift */; };
		8FAC38852AE2162300F26558 /* MypageViewController.swift in Sources */ = {isa = PBXBuildFile; fileRef = 8FAC38842AE2162300F26558 /* MypageViewController.swift */; };
		8FAC38872AE217FB00F26558 /* AlarmConfigureViewController.swift in Sources */ = {isa = PBXBuildFile; fileRef = 8FAC38862AE217FB00F26558 /* AlarmConfigureViewController.swift */; };
		8FAC38892AE218BD00F26558 /* UseInfoViewController.swift in Sources */ = {isa = PBXBuildFile; fileRef = 8FAC38882AE218BD00F26558 /* UseInfoViewController.swift */; };
		8FAC388B2AE2294900F26558 /* ChangeUsernameViewController.swift in Sources */ = {isa = PBXBuildFile; fileRef = 8FAC388A2AE2294900F26558 /* ChangeUsernameViewController.swift */; };
		9A00CD932AD12BDA00E9813F /* MusicalService.swift in Sources */ = {isa = PBXBuildFile; fileRef = 9A00CD922AD12BDA00E9813F /* MusicalService.swift */; };
		9A00CD952AD12FC300E9813F /* Response.swift in Sources */ = {isa = PBXBuildFile; fileRef = 9A00CD942AD12FC300E9813F /* Response.swift */; };
		9A00CD972AD1314400E9813F /* Musicals.swift in Sources */ = {isa = PBXBuildFile; fileRef = 9A00CD962AD1314400E9813F /* Musicals.swift */; };
		9A16AC042ACD99C0007C5570 /* HomeTableViewCell.swift in Sources */ = {isa = PBXBuildFile; fileRef = 9A16AC032ACD99C0007C5570 /* HomeTableViewCell.swift */; };
		9AB92BD42ACC48E9002C4B0A /* LoginViewModel.swift in Sources */ = {isa = PBXBuildFile; fileRef = 9AB92BD32ACC48E9002C4B0A /* LoginViewModel.swift */; };
		9AB92BD62ACC48FE002C4B0A /* LoginViewController.swift in Sources */ = {isa = PBXBuildFile; fileRef = 9AB92BD52ACC48FE002C4B0A /* LoginViewController.swift */; };
		9AB92BD82ACC490C002C4B0A /* TabBarViewModel.swift in Sources */ = {isa = PBXBuildFile; fileRef = 9AB92BD72ACC490C002C4B0A /* TabBarViewModel.swift */; };
		9AB92BDA2ACC4917002C4B0A /* TabBarViewController.swift in Sources */ = {isa = PBXBuildFile; fileRef = 9AB92BD92ACC4917002C4B0A /* TabBarViewController.swift */; };
		9AB92BDC2ACC4921002C4B0A /* HomeViewModel.swift in Sources */ = {isa = PBXBuildFile; fileRef = 9AB92BDB2ACC4921002C4B0A /* HomeViewModel.swift */; };
		9AB92BDE2ACC492A002C4B0A /* HomeViewController.swift in Sources */ = {isa = PBXBuildFile; fileRef = 9AB92BDD2ACC492A002C4B0A /* HomeViewController.swift */; };
		9AB92BE52ACC4A10002C4B0A /* SettingsViewController.swift in Sources */ = {isa = PBXBuildFile; fileRef = 9AB92BE42ACC4A10002C4B0A /* SettingsViewController.swift */; };
		9AB92BE92ACC4A2C002C4B0A /* CalendarViewController.swift in Sources */ = {isa = PBXBuildFile; fileRef = 9AB92BE82ACC4A2C002C4B0A /* CalendarViewController.swift */; };
		9AB92BEB2ACC4A37002C4B0A /* CalendarViewModel.swift in Sources */ = {isa = PBXBuildFile; fileRef = 9AB92BEA2ACC4A37002C4B0A /* CalendarViewModel.swift */; };
		9AB92BED2ACC4A40002C4B0A /* SettingsViewModel.swift in Sources */ = {isa = PBXBuildFile; fileRef = 9AB92BEC2ACC4A40002C4B0A /* SettingsViewModel.swift */; };
		9AB92BF12ACC4A5D002C4B0A /* MusicalViewController.swift in Sources */ = {isa = PBXBuildFile; fileRef = 9AB92BF02ACC4A5D002C4B0A /* MusicalViewController.swift */; };
		9AB92BF32ACC4A69002C4B0A /* MusicalViewModel.swift in Sources */ = {isa = PBXBuildFile; fileRef = 9AB92BF22ACC4A69002C4B0A /* MusicalViewModel.swift */; };
		9AB92BF62ACC4B7C002C4B0A /* Extension.swift in Sources */ = {isa = PBXBuildFile; fileRef = 9AB92BF52ACC4B7C002C4B0A /* Extension.swift */; };
		9AB92BF82ACC4BC8002C4B0A /* Enum.swift in Sources */ = {isa = PBXBuildFile; fileRef = 9AB92BF72ACC4BC8002C4B0A /* Enum.swift */; };
		9AB92BFA2ACC4D61002C4B0A /* AuthService.swift in Sources */ = {isa = PBXBuildFile; fileRef = 9AB92BF92ACC4D61002C4B0A /* AuthService.swift */; };
		9AB92BFC2ACC4D6F002C4B0A /* Auth.swift in Sources */ = {isa = PBXBuildFile; fileRef = 9AB92BFB2ACC4D6F002C4B0A /* Auth.swift */; };
		9AB92BFF2ACC51CE002C4B0A /* Protocol.swift in Sources */ = {isa = PBXBuildFile; fileRef = 9AB92BFE2ACC51CE002C4B0A /* Protocol.swift */; };
		A95CEE862ACE8CA100DED768 /* HomeCollectionViewCell.swift in Sources */ = {isa = PBXBuildFile; fileRef = A95CEE852ACE8CA100DED768 /* HomeCollectionViewCell.swift */; };
/* End PBXBuildFile section */

/* Begin PBXContainerItemProxy section */
		658C86682A78E052002C65F0 /* PBXContainerItemProxy */ = {
			isa = PBXContainerItemProxy;
			containerPortal = 658C86492A78E04D002C65F0 /* Project object */;
			proxyType = 1;
			remoteGlobalIDString = 658C86502A78E04D002C65F0;
			remoteInfo = "iOS-TicketTimer";
		};
		658C86722A78E052002C65F0 /* PBXContainerItemProxy */ = {
			isa = PBXContainerItemProxy;
			containerPortal = 658C86492A78E04D002C65F0 /* Project object */;
			proxyType = 1;
			remoteGlobalIDString = 658C86502A78E04D002C65F0;
			remoteInfo = "iOS-TicketTimer";
		};
/* End PBXContainerItemProxy section */

/* Begin PBXFileReference section */
		061058DA079D7CC55821609E /* libPods-iOS-TicketTimerTests.a */ = {isa = PBXFileReference; explicitFileType = archive.ar; includeInIndex = 0; path = "libPods-iOS-TicketTimerTests.a"; sourceTree = BUILT_PRODUCTS_DIR; };
		29C40C320A9AA505E194F9D7 /* Pods-iOS-TicketTimerUITests.debug.xcconfig */ = {isa = PBXFileReference; includeInIndex = 1; lastKnownFileType = text.xcconfig; name = "Pods-iOS-TicketTimerUITests.debug.xcconfig"; path = "Target Support Files/Pods-iOS-TicketTimerUITests/Pods-iOS-TicketTimerUITests.debug.xcconfig"; sourceTree = "<group>"; };
		3D59F957427AB05DB52C537D /* libPods-iOS-TicketTimerUITests.a */ = {isa = PBXFileReference; explicitFileType = archive.ar; includeInIndex = 0; path = "libPods-iOS-TicketTimerUITests.a"; sourceTree = BUILT_PRODUCTS_DIR; };
		409CDA5F37B6D9FF005D7864 /* Pods-iOS-TicketTimer.release.xcconfig */ = {isa = PBXFileReference; includeInIndex = 1; lastKnownFileType = text.xcconfig; name = "Pods-iOS-TicketTimer.release.xcconfig"; path = "Target Support Files/Pods-iOS-TicketTimer/Pods-iOS-TicketTimer.release.xcconfig"; sourceTree = "<group>"; };
		59B0BE61CD81AFDBD1B58026 /* Pods_iOS_TicketTimer.framework */ = {isa = PBXFileReference; explicitFileType = wrapper.framework; includeInIndex = 0; path = Pods_iOS_TicketTimer.framework; sourceTree = BUILT_PRODUCTS_DIR; };
		648225ACAF4DA1330E58EFF8 /* Pods-iOS-TicketTimer-iOS-TicketTimerUITests.release.xcconfig */ = {isa = PBXFileReference; includeInIndex = 1; lastKnownFileType = text.xcconfig; name = "Pods-iOS-TicketTimer-iOS-TicketTimerUITests.release.xcconfig"; path = "Target Support Files/Pods-iOS-TicketTimer-iOS-TicketTimerUITests/Pods-iOS-TicketTimer-iOS-TicketTimerUITests.release.xcconfig"; sourceTree = "<group>"; };
		65709A102A91D2E200A9DF7A /* KakaoLogin.swift */ = {isa = PBXFileReference; lastKnownFileType = sourcecode.swift; path = KakaoLogin.swift; sourceTree = "<group>"; };
		658C86512A78E04D002C65F0 /* iOS-TicketTimer.app */ = {isa = PBXFileReference; explicitFileType = wrapper.application; includeInIndex = 0; path = "iOS-TicketTimer.app"; sourceTree = BUILT_PRODUCTS_DIR; };
		658C86542A78E04D002C65F0 /* AppDelegate.swift */ = {isa = PBXFileReference; lastKnownFileType = sourcecode.swift; path = AppDelegate.swift; sourceTree = "<group>"; };
		658C86562A78E04D002C65F0 /* SceneDelegate.swift */ = {isa = PBXFileReference; lastKnownFileType = sourcecode.swift; path = SceneDelegate.swift; sourceTree = "<group>"; };
		658C865D2A78E051002C65F0 /* Assets.xcassets */ = {isa = PBXFileReference; lastKnownFileType = folder.assetcatalog; path = Assets.xcassets; sourceTree = "<group>"; };
		658C86602A78E051002C65F0 /* Base */ = {isa = PBXFileReference; lastKnownFileType = file.storyboard; name = Base; path = Base.lproj/LaunchScreen.storyboard; sourceTree = "<group>"; };
		658C86622A78E051002C65F0 /* Info.plist */ = {isa = PBXFileReference; lastKnownFileType = text.plist.xml; path = Info.plist; sourceTree = "<group>"; };
		658C86672A78E052002C65F0 /* iOS-TicketTimerTests.xctest */ = {isa = PBXFileReference; explicitFileType = wrapper.cfbundle; includeInIndex = 0; path = "iOS-TicketTimerTests.xctest"; sourceTree = BUILT_PRODUCTS_DIR; };
		658C866B2A78E052002C65F0 /* iOS_TicketTimerTests.swift */ = {isa = PBXFileReference; lastKnownFileType = sourcecode.swift; path = iOS_TicketTimerTests.swift; sourceTree = "<group>"; };
		658C86712A78E052002C65F0 /* iOS-TicketTimerUITests.xctest */ = {isa = PBXFileReference; explicitFileType = wrapper.cfbundle; includeInIndex = 0; path = "iOS-TicketTimerUITests.xctest"; sourceTree = BUILT_PRODUCTS_DIR; };
		658C86752A78E052002C65F0 /* iOS_TicketTimerUITests.swift */ = {isa = PBXFileReference; lastKnownFileType = sourcecode.swift; path = iOS_TicketTimerUITests.swift; sourceTree = "<group>"; };
		658C86772A78E052002C65F0 /* iOS_TicketTimerUITestsLaunchTests.swift */ = {isa = PBXFileReference; lastKnownFileType = sourcecode.swift; path = iOS_TicketTimerUITestsLaunchTests.swift; sourceTree = "<group>"; };
		6B14AF104037D2946F72EE47 /* Pods-iOS-TicketTimerTests.release.xcconfig */ = {isa = PBXFileReference; includeInIndex = 1; lastKnownFileType = text.xcconfig; name = "Pods-iOS-TicketTimerTests.release.xcconfig"; path = "Target Support Files/Pods-iOS-TicketTimerTests/Pods-iOS-TicketTimerTests.release.xcconfig"; sourceTree = "<group>"; };
		6F786A4C36DE08404A3DADBB /* Pods-iOS-TicketTimer-iOS-TicketTimerUITests.debug.xcconfig */ = {isa = PBXFileReference; includeInIndex = 1; lastKnownFileType = text.xcconfig; name = "Pods-iOS-TicketTimer-iOS-TicketTimerUITests.debug.xcconfig"; path = "Target Support Files/Pods-iOS-TicketTimer-iOS-TicketTimerUITests/Pods-iOS-TicketTimer-iOS-TicketTimerUITests.debug.xcconfig"; sourceTree = "<group>"; };
		8F1AFF062ADCD6E700972CFC /* SearchAllResultsView.swift */ = {isa = PBXFileReference; lastKnownFileType = sourcecode.swift; path = SearchAllResultsView.swift; sourceTree = "<group>"; };
		8F1AFF092ADE16D200972CFC /* UserDefaultService.swift */ = {isa = PBXFileReference; lastKnownFileType = sourcecode.swift; path = UserDefaultService.swift; sourceTree = "<group>"; };
		8F1AFF0B2ADF68C700972CFC /* String+toDate.swift */ = {isa = PBXFileReference; lastKnownFileType = sourcecode.swift; path = "String+toDate.swift"; sourceTree = "<group>"; };
		8F1AFF0D2ADF68CD00972CFC /* String+toTime.swift */ = {isa = PBXFileReference; lastKnownFileType = sourcecode.swift; path = "String+toTime.swift"; sourceTree = "<group>"; };
		8F33E9242AD4D30C00B7AD21 /* AlarmSettingViewController.swift */ = {isa = PBXFileReference; lastKnownFileType = sourcecode.swift; path = AlarmSettingViewController.swift; sourceTree = "<group>"; };
		8F33E9272AD4D55500B7AD21 /* PlatformLabel.swift */ = {isa = PBXFileReference; lastKnownFileType = sourcecode.swift; path = PlatformLabel.swift; sourceTree = "<group>"; };
		8F33E92A2AD4D7EE00B7AD21 /* UIColor+ColorAssests.swift */ = {isa = PBXFileReference; lastKnownFileType = sourcecode.swift; path = "UIColor+ColorAssests.swift"; sourceTree = "<group>"; };
		8F33E92C2AD4D81000B7AD21 /* UIColor+HexColor.swift */ = {isa = PBXFileReference; lastKnownFileType = sourcecode.swift; path = "UIColor+HexColor.swift"; sourceTree = "<group>"; };
		8F33E92E2AD4E01D00B7AD21 /* UILabel+setup.swift */ = {isa = PBXFileReference; lastKnownFileType = sourcecode.swift; path = "UILabel+setup.swift"; sourceTree = "<group>"; };
		8F33E9302AD4EAC200B7AD21 /* NoticeTableViewCell.swift */ = {isa = PBXFileReference; lastKnownFileType = sourcecode.swift; path = NoticeTableViewCell.swift; sourceTree = "<group>"; };
		8F70CD152AD00D6A00586847 /* MusicalTableViewCell.swift */ = {isa = PBXFileReference; lastKnownFileType = sourcecode.swift; path = MusicalTableViewCell.swift; sourceTree = "<group>"; };
		8FA0347E2AD0F324001FEC71 /* PaddingLabel.swift */ = {isa = PBXFileReference; lastKnownFileType = sourcecode.swift; path = PaddingLabel.swift; sourceTree = "<group>"; };
		8FA0348F2AD3E246001FEC71 /* RecentlyViewdCollectionViewCell.swift */ = {isa = PBXFileReference; fileEncoding = 4; lastKnownFileType = sourcecode.swift; path = RecentlyViewdCollectionViewCell.swift; sourceTree = "<group>"; };
		8FA034922AD3E258001FEC71 /* SearchReadyView.swift */ = {isa = PBXFileReference; fileEncoding = 4; lastKnownFileType = sourcecode.swift; path = SearchReadyView.swift; sourceTree = "<group>"; };
		8FA034932AD3E258001FEC71 /* SearchInactiveView.swift */ = {isa = PBXFileReference; fileEncoding = 4; lastKnownFileType = sourcecode.swift; path = SearchInactiveView.swift; sourceTree = "<group>"; };
		8FA034942AD3E258001FEC71 /* SearchResultView.swift */ = {isa = PBXFileReference; fileEncoding = 4; lastKnownFileType = sourcecode.swift; path = SearchResultView.swift; sourceTree = "<group>"; };
		8FA0349A2AD3E36D001FEC71 /* RecentlyResearchedTableViewCell.swift */ = {isa = PBXFileReference; lastKnownFileType = sourcecode.swift; path = RecentlyResearchedTableViewCell.swift; sourceTree = "<group>"; };
		8FA0349C2AD3E521001FEC71 /* MusicalDetailViewController.swift */ = {isa = PBXFileReference; lastKnownFileType = sourcecode.swift; path = MusicalDetailViewController.swift; sourceTree = "<group>"; };
		8FAC38772AE0CA5800F26558 /* LocalAlarm.swift */ = {isa = PBXFileReference; lastKnownFileType = sourcecode.swift; path = LocalAlarm.swift; sourceTree = "<group>"; };
		8FAC38792AE0CABA00F26558 /* AlarmViewModel.swift */ = {isa = PBXFileReference; lastKnownFileType = sourcecode.swift; path = AlarmViewModel.swift; sourceTree = "<group>"; };
		8FAC387D2AE0DBDA00F26558 /* String+toDateType.swift */ = {isa = PBXFileReference; lastKnownFileType = sourcecode.swift; path = "String+toDateType.swift"; sourceTree = "<group>"; };
		8FAC387F2AE10BC200F26558 /* String+toDateAndTime.swift */ = {isa = PBXFileReference; lastKnownFileType = sourcecode.swift; path = "String+toDateAndTime.swift"; sourceTree = "<group>"; };
		8FAC38842AE2162300F26558 /* MypageViewController.swift */ = {isa = PBXFileReference; lastKnownFileType = sourcecode.swift; path = MypageViewController.swift; sourceTree = "<group>"; };
		8FAC38862AE217FB00F26558 /* AlarmConfigureViewController.swift */ = {isa = PBXFileReference; lastKnownFileType = sourcecode.swift; path = AlarmConfigureViewController.swift; sourceTree = "<group>"; };
		8FAC38882AE218BD00F26558 /* UseInfoViewController.swift */ = {isa = PBXFileReference; lastKnownFileType = sourcecode.swift; path = UseInfoViewController.swift; sourceTree = "<group>"; };
		8FAC388A2AE2294900F26558 /* ChangeUsernameViewController.swift */ = {isa = PBXFileReference; lastKnownFileType = sourcecode.swift; path = ChangeUsernameViewController.swift; sourceTree = "<group>"; };
		986F84F978BE7D5AC58A5A50 /* Pods-iOS-TicketTimerUITests.release.xcconfig */ = {isa = PBXFileReference; includeInIndex = 1; lastKnownFileType = text.xcconfig; name = "Pods-iOS-TicketTimerUITests.release.xcconfig"; path = "Target Support Files/Pods-iOS-TicketTimerUITests/Pods-iOS-TicketTimerUITests.release.xcconfig"; sourceTree = "<group>"; };
		9A00CD922AD12BDA00E9813F /* MusicalService.swift */ = {isa = PBXFileReference; lastKnownFileType = sourcecode.swift; path = MusicalService.swift; sourceTree = "<group>"; };
		9A00CD942AD12FC300E9813F /* Response.swift */ = {isa = PBXFileReference; lastKnownFileType = sourcecode.swift; path = Response.swift; sourceTree = "<group>"; };
		9A00CD962AD1314400E9813F /* Musicals.swift */ = {isa = PBXFileReference; lastKnownFileType = sourcecode.swift; path = Musicals.swift; sourceTree = "<group>"; };
		9A16AC032ACD99C0007C5570 /* HomeTableViewCell.swift */ = {isa = PBXFileReference; lastKnownFileType = sourcecode.swift; path = HomeTableViewCell.swift; sourceTree = "<group>"; };
		9AB92BD32ACC48E9002C4B0A /* LoginViewModel.swift */ = {isa = PBXFileReference; lastKnownFileType = sourcecode.swift; path = LoginViewModel.swift; sourceTree = "<group>"; };
		9AB92BD52ACC48FE002C4B0A /* LoginViewController.swift */ = {isa = PBXFileReference; lastKnownFileType = sourcecode.swift; path = LoginViewController.swift; sourceTree = "<group>"; };
		9AB92BD72ACC490C002C4B0A /* TabBarViewModel.swift */ = {isa = PBXFileReference; lastKnownFileType = sourcecode.swift; path = TabBarViewModel.swift; sourceTree = "<group>"; };
		9AB92BD92ACC4917002C4B0A /* TabBarViewController.swift */ = {isa = PBXFileReference; lastKnownFileType = sourcecode.swift; path = TabBarViewController.swift; sourceTree = "<group>"; };
		9AB92BDB2ACC4921002C4B0A /* HomeViewModel.swift */ = {isa = PBXFileReference; lastKnownFileType = sourcecode.swift; path = HomeViewModel.swift; sourceTree = "<group>"; };
		9AB92BDD2ACC492A002C4B0A /* HomeViewController.swift */ = {isa = PBXFileReference; lastKnownFileType = sourcecode.swift; path = HomeViewController.swift; sourceTree = "<group>"; };
		9AB92BE42ACC4A10002C4B0A /* SettingsViewController.swift */ = {isa = PBXFileReference; lastKnownFileType = sourcecode.swift; path = SettingsViewController.swift; sourceTree = "<group>"; };
		9AB92BE82ACC4A2C002C4B0A /* CalendarViewController.swift */ = {isa = PBXFileReference; lastKnownFileType = sourcecode.swift; path = CalendarViewController.swift; sourceTree = "<group>"; };
		9AB92BEA2ACC4A37002C4B0A /* CalendarViewModel.swift */ = {isa = PBXFileReference; lastKnownFileType = sourcecode.swift; path = CalendarViewModel.swift; sourceTree = "<group>"; };
		9AB92BEC2ACC4A40002C4B0A /* SettingsViewModel.swift */ = {isa = PBXFileReference; lastKnownFileType = sourcecode.swift; path = SettingsViewModel.swift; sourceTree = "<group>"; };
		9AB92BF02ACC4A5D002C4B0A /* MusicalViewController.swift */ = {isa = PBXFileReference; lastKnownFileType = sourcecode.swift; path = MusicalViewController.swift; sourceTree = "<group>"; };
		9AB92BF22ACC4A69002C4B0A /* MusicalViewModel.swift */ = {isa = PBXFileReference; lastKnownFileType = sourcecode.swift; path = MusicalViewModel.swift; sourceTree = "<group>"; };
		9AB92BF52ACC4B7C002C4B0A /* Extension.swift */ = {isa = PBXFileReference; lastKnownFileType = sourcecode.swift; path = Extension.swift; sourceTree = "<group>"; };
		9AB92BF72ACC4BC8002C4B0A /* Enum.swift */ = {isa = PBXFileReference; lastKnownFileType = sourcecode.swift; path = Enum.swift; sourceTree = "<group>"; };
		9AB92BF92ACC4D61002C4B0A /* AuthService.swift */ = {isa = PBXFileReference; lastKnownFileType = sourcecode.swift; path = AuthService.swift; sourceTree = "<group>"; };
		9AB92BFB2ACC4D6F002C4B0A /* Auth.swift */ = {isa = PBXFileReference; lastKnownFileType = sourcecode.swift; path = Auth.swift; sourceTree = "<group>"; };
		9AB92BFE2ACC51CE002C4B0A /* Protocol.swift */ = {isa = PBXFileReference; lastKnownFileType = sourcecode.swift; path = Protocol.swift; sourceTree = "<group>"; };
		9C912B141105A893374DFADD /* Pods-iOS-TicketTimer.debug.xcconfig */ = {isa = PBXFileReference; includeInIndex = 1; lastKnownFileType = text.xcconfig; name = "Pods-iOS-TicketTimer.debug.xcconfig"; path = "Target Support Files/Pods-iOS-TicketTimer/Pods-iOS-TicketTimer.debug.xcconfig"; sourceTree = "<group>"; };
		A95CEE852ACE8CA100DED768 /* HomeCollectionViewCell.swift */ = {isa = PBXFileReference; lastKnownFileType = sourcecode.swift; path = HomeCollectionViewCell.swift; sourceTree = "<group>"; };
		BB5665413DCB1AD673F2B4E5 /* Pods-iOS-TicketTimerTests.debug.xcconfig */ = {isa = PBXFileReference; includeInIndex = 1; lastKnownFileType = text.xcconfig; name = "Pods-iOS-TicketTimerTests.debug.xcconfig"; path = "Target Support Files/Pods-iOS-TicketTimerTests/Pods-iOS-TicketTimerTests.debug.xcconfig"; sourceTree = "<group>"; };
/* End PBXFileReference section */

/* Begin PBXFrameworksBuildPhase section */
		658C864E2A78E04D002C65F0 /* Frameworks */ = {
			isa = PBXFrameworksBuildPhase;
			buildActionMask = 2147483647;
			files = (
				2E54C13F9D384C01994CC8AD /* Pods_iOS_TicketTimer.framework in Frameworks */,
			);
			runOnlyForDeploymentPostprocessing = 0;
		};
		658C86642A78E052002C65F0 /* Frameworks */ = {
			isa = PBXFrameworksBuildPhase;
			buildActionMask = 2147483647;
			files = (
				219DB3D19DEE0C57647A8AF9 /* libPods-iOS-TicketTimerTests.a in Frameworks */,
			);
			runOnlyForDeploymentPostprocessing = 0;
		};
		658C866E2A78E052002C65F0 /* Frameworks */ = {
			isa = PBXFrameworksBuildPhase;
			buildActionMask = 2147483647;
			files = (
				8CBC4AA1BC923B36CF388B3C /* libPods-iOS-TicketTimerUITests.a in Frameworks */,
			);
			runOnlyForDeploymentPostprocessing = 0;
		};
/* End PBXFrameworksBuildPhase section */

/* Begin PBXGroup section */
		658C86482A78E04D002C65F0 = {
			isa = PBXGroup;
			children = (
				658C86532A78E04D002C65F0 /* iOS-TicketTimer */,
				658C866A2A78E052002C65F0 /* iOS-TicketTimerTests */,
				658C86742A78E052002C65F0 /* iOS-TicketTimerUITests */,
				658C86522A78E04D002C65F0 /* Products */,
				75708162DC93CD30BF6E17E0 /* Pods */,
				EA9894B8AAD5B08300E1CFAD /* Frameworks */,
			);
			sourceTree = "<group>";
		};
		658C86522A78E04D002C65F0 /* Products */ = {
			isa = PBXGroup;
			children = (
				658C86512A78E04D002C65F0 /* iOS-TicketTimer.app */,
				658C86672A78E052002C65F0 /* iOS-TicketTimerTests.xctest */,
				658C86712A78E052002C65F0 /* iOS-TicketTimerUITests.xctest */,
			);
			name = Products;
			sourceTree = "<group>";
		};
		658C86532A78E04D002C65F0 /* iOS-TicketTimer */ = {
			isa = PBXGroup;
			children = (
				9AB92BC92ACC4822002C4B0A /* Model */,
				9AB92BC52ACC475A002C4B0A /* Service */,
				9AB92BC72ACC47AE002C4B0A /* Presentation */,
				9AB92BFD2ACC4F87002C4B0A /* Utils */,
				9AB92BC22ACC4601002C4B0A /* Resources */,
				9AB92BC12ACC458A002C4B0A /* Application */,
				658C86622A78E051002C65F0 /* Info.plist */,
			);
			path = "iOS-TicketTimer";
			sourceTree = "<group>";
		};
		658C866A2A78E052002C65F0 /* iOS-TicketTimerTests */ = {
			isa = PBXGroup;
			children = (
				658C866B2A78E052002C65F0 /* iOS_TicketTimerTests.swift */,
			);
			path = "iOS-TicketTimerTests";
			sourceTree = "<group>";
		};
		658C86742A78E052002C65F0 /* iOS-TicketTimerUITests */ = {
			isa = PBXGroup;
			children = (
				658C86752A78E052002C65F0 /* iOS_TicketTimerUITests.swift */,
				658C86772A78E052002C65F0 /* iOS_TicketTimerUITestsLaunchTests.swift */,
			);
			path = "iOS-TicketTimerUITests";
			sourceTree = "<group>";
		};
		75708162DC93CD30BF6E17E0 /* Pods */ = {
			isa = PBXGroup;
			children = (
				9C912B141105A893374DFADD /* Pods-iOS-TicketTimer.debug.xcconfig */,
				409CDA5F37B6D9FF005D7864 /* Pods-iOS-TicketTimer.release.xcconfig */,
				6F786A4C36DE08404A3DADBB /* Pods-iOS-TicketTimer-iOS-TicketTimerUITests.debug.xcconfig */,
				648225ACAF4DA1330E58EFF8 /* Pods-iOS-TicketTimer-iOS-TicketTimerUITests.release.xcconfig */,
				BB5665413DCB1AD673F2B4E5 /* Pods-iOS-TicketTimerTests.debug.xcconfig */,
				6B14AF104037D2946F72EE47 /* Pods-iOS-TicketTimerTests.release.xcconfig */,
				29C40C320A9AA505E194F9D7 /* Pods-iOS-TicketTimerUITests.debug.xcconfig */,
				986F84F978BE7D5AC58A5A50 /* Pods-iOS-TicketTimerUITests.release.xcconfig */,
			);
			path = Pods;
			sourceTree = "<group>";
		};
		8F1AFF082ADD05AD00972CFC /* Search */ = {
			isa = PBXGroup;
			children = (
				8FA034932AD3E258001FEC71 /* SearchInactiveView.swift */,
				8FA034922AD3E258001FEC71 /* SearchReadyView.swift */,
				8FA034942AD3E258001FEC71 /* SearchResultView.swift */,
				8F1AFF062ADCD6E700972CFC /* SearchAllResultsView.swift */,
			);
			path = Search;
			sourceTree = "<group>";
		};
		8F33E9262AD4D54400B7AD21 /* Components */ = {
			isa = PBXGroup;
			children = (
				8FA0347E2AD0F324001FEC71 /* PaddingLabel.swift */,
				8F33E9272AD4D55500B7AD21 /* PlatformLabel.swift */,
			);
			path = Components;
			sourceTree = "<group>";
		};
		8F33E9292AD4D73100B7AD21 /* Extensions */ = {
			isa = PBXGroup;
			children = (
				8FAC38812AE113A800F26558 /* String */,
				8F33E92A2AD4D7EE00B7AD21 /* UIColor+ColorAssests.swift */,
				8F33E92C2AD4D81000B7AD21 /* UIColor+HexColor.swift */,
				8F33E92E2AD4E01D00B7AD21 /* UILabel+setup.swift */,
			);
			path = Extensions;
			sourceTree = "<group>";
		};
		8F70CD142AD00CEC00586847 /* Cell */ = {
			isa = PBXGroup;
			children = (
				8F70CD152AD00D6A00586847 /* MusicalTableViewCell.swift */,
				8FA0349A2AD3E36D001FEC71 /* RecentlyResearchedTableViewCell.swift */,
				8FA0348F2AD3E246001FEC71 /* RecentlyViewdCollectionViewCell.swift */,
				8F33E9302AD4EAC200B7AD21 /* NoticeTableViewCell.swift */,
			);
			path = Cell;
			sourceTree = "<group>";
		};
		8FAC38812AE113A800F26558 /* String */ = {
			isa = PBXGroup;
			children = (
				8F1AFF0B2ADF68C700972CFC /* String+toDate.swift */,
				8F1AFF0D2ADF68CD00972CFC /* String+toTime.swift */,
				8FAC387F2AE10BC200F26558 /* String+toDateAndTime.swift */,
				8FAC387D2AE0DBDA00F26558 /* String+toDateType.swift */,
			);
			path = String;
			sourceTree = "<group>";
		};
		9A16AC022ACD99A1007C5570 /* Cell */ = {
			isa = PBXGroup;
			children = (
				9A16AC032ACD99C0007C5570 /* HomeTableViewCell.swift */,
				A95CEE852ACE8CA100DED768 /* HomeCollectionViewCell.swift */,
			);
			path = Cell;
			sourceTree = "<group>";
		};
		9AB92BC12ACC458A002C4B0A /* Application */ = {
			isa = PBXGroup;
			children = (
				658C86542A78E04D002C65F0 /* AppDelegate.swift */,
				658C86562A78E04D002C65F0 /* SceneDelegate.swift */,
			);
			path = Application;
			sourceTree = "<group>";
		};
		9AB92BC22ACC4601002C4B0A /* Resources */ = {
			isa = PBXGroup;
			children = (
				658C865D2A78E051002C65F0 /* Assets.xcassets */,
				658C865F2A78E051002C65F0 /* LaunchScreen.storyboard */,
				65709A102A91D2E200A9DF7A /* KakaoLogin.swift */,
			);
			path = Resources;
			sourceTree = "<group>";
		};
		9AB92BC52ACC475A002C4B0A /* Service */ = {
			isa = PBXGroup;
			children = (
				9AB92BF92ACC4D61002C4B0A /* AuthService.swift */,
				9A00CD922AD12BDA00E9813F /* MusicalService.swift */,
				8F1AFF092ADE16D200972CFC /* UserDefaultService.swift */,
			);
			path = Service;
			sourceTree = "<group>";
		};
		9AB92BC72ACC47AE002C4B0A /* Presentation */ = {
			isa = PBXGroup;
			children = (
				9AB92BE12ACC49F5002C4B0A /* SettingsScene */,
				9AB92BE02ACC49D8002C4B0A /* CalendarScene */,
				9AB92BDF2ACC49C3002C4B0A /* MusicalScene */,
				9AB92BD02ACC48C1002C4B0A /* LoginScene */,
				9AB92BCA2ACC486D002C4B0A /* TabBar */,
				9AB92BCB2ACC488D002C4B0A /* HomeScene */,
			);
			path = Presentation;
			sourceTree = "<group>";
		};
		9AB92BC92ACC4822002C4B0A /* Model */ = {
			isa = PBXGroup;
			children = (
				9AB92BFB2ACC4D6F002C4B0A /* Auth.swift */,
				9A00CD962AD1314400E9813F /* Musicals.swift */,
				9A00CD942AD12FC300E9813F /* Response.swift */,
				8FAC38772AE0CA5800F26558 /* LocalAlarm.swift */,
			);
			path = Model;
			sourceTree = "<group>";
		};
		9AB92BCA2ACC486D002C4B0A /* TabBar */ = {
			isa = PBXGroup;
			children = (
				9AB92BCD2ACC48A7002C4B0A /* ViewModel */,
				9AB92BCC2ACC48A0002C4B0A /* View */,
			);
			path = TabBar;
			sourceTree = "<group>";
		};
		9AB92BCB2ACC488D002C4B0A /* HomeScene */ = {
			isa = PBXGroup;
			children = (
				9AB92BCF2ACC48B9002C4B0A /* ViewModel */,
				9AB92BCE2ACC48B2002C4B0A /* View */,
			);
			path = HomeScene;
			sourceTree = "<group>";
		};
		9AB92BCC2ACC48A0002C4B0A /* View */ = {
			isa = PBXGroup;
			children = (
				9AB92BD92ACC4917002C4B0A /* TabBarViewController.swift */,
			);
			path = View;
			sourceTree = "<group>";
		};
		9AB92BCD2ACC48A7002C4B0A /* ViewModel */ = {
			isa = PBXGroup;
			children = (
				9AB92BD72ACC490C002C4B0A /* TabBarViewModel.swift */,
			);
			path = ViewModel;
			sourceTree = "<group>";
		};
		9AB92BCE2ACC48B2002C4B0A /* View */ = {
			isa = PBXGroup;
			children = (
				9A16AC022ACD99A1007C5570 /* Cell */,
				9AB92BDD2ACC492A002C4B0A /* HomeViewController.swift */,
			);
			path = View;
			sourceTree = "<group>";
		};
		9AB92BCF2ACC48B9002C4B0A /* ViewModel */ = {
			isa = PBXGroup;
			children = (
				9AB92BDB2ACC4921002C4B0A /* HomeViewModel.swift */,
			);
			path = ViewModel;
			sourceTree = "<group>";
		};
		9AB92BD02ACC48C1002C4B0A /* LoginScene */ = {
			isa = PBXGroup;
			children = (
				9AB92BD22ACC48D9002C4B0A /* ViewModel */,
				9AB92BD12ACC48D3002C4B0A /* View */,
			);
			path = LoginScene;
			sourceTree = "<group>";
		};
		9AB92BD12ACC48D3002C4B0A /* View */ = {
			isa = PBXGroup;
			children = (
				9AB92BD52ACC48FE002C4B0A /* LoginViewController.swift */,
			);
			path = View;
			sourceTree = "<group>";
		};
		9AB92BD22ACC48D9002C4B0A /* ViewModel */ = {
			isa = PBXGroup;
			children = (
				9AB92BD32ACC48E9002C4B0A /* LoginViewModel.swift */,
			);
			path = ViewModel;
			sourceTree = "<group>";
		};
		9AB92BDF2ACC49C3002C4B0A /* MusicalScene */ = {
			isa = PBXGroup;
			children = (
				9AB92BEF2ACC4A4D002C4B0A /* ViewModel */,
				9AB92BEE2ACC4A45002C4B0A /* View */,
			);
			path = MusicalScene;
			sourceTree = "<group>";
		};
		9AB92BE02ACC49D8002C4B0A /* CalendarScene */ = {
			isa = PBXGroup;
			children = (
				9AB92BE72ACC4A1C002C4B0A /* ViewModel */,
				9AB92BE62ACC4A15002C4B0A /* View */,
			);
			path = "\U0010CalendarScene";
			sourceTree = "<group>";
		};
		9AB92BE12ACC49F5002C4B0A /* SettingsScene */ = {
			isa = PBXGroup;
			children = (
				9AB92BE32ACC4A04002C4B0A /* ViewModel */,
				9AB92BE22ACC49FF002C4B0A /* View */,
			);
			path = SettingsScene;
			sourceTree = "<group>";
		};
		9AB92BE22ACC49FF002C4B0A /* View */ = {
			isa = PBXGroup;
			children = (
				9AB92BE42ACC4A10002C4B0A /* SettingsViewController.swift */,
				8FAC38842AE2162300F26558 /* MypageViewController.swift */,
				8FAC38862AE217FB00F26558 /* AlarmConfigureViewController.swift */,
				8FAC38882AE218BD00F26558 /* UseInfoViewController.swift */,
				8FAC388A2AE2294900F26558 /* ChangeUsernameViewController.swift */,
			);
			path = View;
			sourceTree = "<group>";
		};
		9AB92BE32ACC4A04002C4B0A /* ViewModel */ = {
			isa = PBXGroup;
			children = (
				9AB92BEC2ACC4A40002C4B0A /* SettingsViewModel.swift */,
			);
			path = ViewModel;
			sourceTree = "<group>";
		};
		9AB92BE62ACC4A15002C4B0A /* View */ = {
			isa = PBXGroup;
			children = (
				9AB92BE82ACC4A2C002C4B0A /* CalendarViewController.swift */,
			);
			path = View;
			sourceTree = "<group>";
		};
		9AB92BE72ACC4A1C002C4B0A /* ViewModel */ = {
			isa = PBXGroup;
			children = (
				9AB92BEA2ACC4A37002C4B0A /* CalendarViewModel.swift */,
			);
			path = ViewModel;
			sourceTree = "<group>";
		};
		9AB92BEE2ACC4A45002C4B0A /* View */ = {
			isa = PBXGroup;
			children = (
				8F70CD142AD00CEC00586847 /* Cell */,
				8F1AFF082ADD05AD00972CFC /* Search */,
				9AB92BF02ACC4A5D002C4B0A /* MusicalViewController.swift */,
				8FA0349C2AD3E521001FEC71 /* MusicalDetailViewController.swift */,
				8F33E9242AD4D30C00B7AD21 /* AlarmSettingViewController.swift */,
			);
			path = View;
			sourceTree = "<group>";
		};
		9AB92BEF2ACC4A4D002C4B0A /* ViewModel */ = {
			isa = PBXGroup;
			children = (
				9AB92BF22ACC4A69002C4B0A /* MusicalViewModel.swift */,
				8FAC38792AE0CABA00F26558 /* AlarmViewModel.swift */,
			);
			path = ViewModel;
			sourceTree = "<group>";
		};
		9AB92BFD2ACC4F87002C4B0A /* Utils */ = {
			isa = PBXGroup;
			children = (
				8F33E9292AD4D73100B7AD21 /* Extensions */,
				8F33E9262AD4D54400B7AD21 /* Components */,
				9AB92BF52ACC4B7C002C4B0A /* Extension.swift */,
				9AB92BF72ACC4BC8002C4B0A /* Enum.swift */,
				9AB92BFE2ACC51CE002C4B0A /* Protocol.swift */,
			);
			path = Utils;
			sourceTree = "<group>";
		};
		EA9894B8AAD5B08300E1CFAD /* Frameworks */ = {
			isa = PBXGroup;
			children = (
				59B0BE61CD81AFDBD1B58026 /* Pods_iOS_TicketTimer.framework */,
				061058DA079D7CC55821609E /* libPods-iOS-TicketTimerTests.a */,
				3D59F957427AB05DB52C537D /* libPods-iOS-TicketTimerUITests.a */,
			);
			name = Frameworks;
			sourceTree = "<group>";
		};
/* End PBXGroup section */

/* Begin PBXNativeTarget section */
		658C86502A78E04D002C65F0 /* iOS-TicketTimer */ = {
			isa = PBXNativeTarget;
			buildConfigurationList = 658C867B2A78E052002C65F0 /* Build configuration list for PBXNativeTarget "iOS-TicketTimer" */;
			buildPhases = (
				BB4E781FD1A5428681A1BB27 /* [CP] Check Pods Manifest.lock */,
				658C864D2A78E04D002C65F0 /* Sources */,
				658C864E2A78E04D002C65F0 /* Frameworks */,
				658C864F2A78E04D002C65F0 /* Resources */,
				FB9149272EECAD7252191CE8 /* [CP] Embed Pods Frameworks */,
			);
			buildRules = (
			);
			dependencies = (
			);
			name = "iOS-TicketTimer";
			productName = "iOS-TicketTimer";
			productReference = 658C86512A78E04D002C65F0 /* iOS-TicketTimer.app */;
			productType = "com.apple.product-type.application";
		};
		658C86662A78E052002C65F0 /* iOS-TicketTimerTests */ = {
			isa = PBXNativeTarget;
			buildConfigurationList = 658C867E2A78E052002C65F0 /* Build configuration list for PBXNativeTarget "iOS-TicketTimerTests" */;
			buildPhases = (
				ACFC4334944282B27C628258 /* [CP] Check Pods Manifest.lock */,
				658C86632A78E052002C65F0 /* Sources */,
				658C86642A78E052002C65F0 /* Frameworks */,
				658C86652A78E052002C65F0 /* Resources */,
			);
			buildRules = (
			);
			dependencies = (
				658C86692A78E052002C65F0 /* PBXTargetDependency */,
			);
			name = "iOS-TicketTimerTests";
			productName = "iOS-TicketTimerTests";
			productReference = 658C86672A78E052002C65F0 /* iOS-TicketTimerTests.xctest */;
			productType = "com.apple.product-type.bundle.unit-test";
		};
		658C86702A78E052002C65F0 /* iOS-TicketTimerUITests */ = {
			isa = PBXNativeTarget;
			buildConfigurationList = 658C86812A78E052002C65F0 /* Build configuration list for PBXNativeTarget "iOS-TicketTimerUITests" */;
			buildPhases = (
				758D4F3055ACA1C6D10356A5 /* [CP] Check Pods Manifest.lock */,
				658C866D2A78E052002C65F0 /* Sources */,
				658C866E2A78E052002C65F0 /* Frameworks */,
				658C866F2A78E052002C65F0 /* Resources */,
			);
			buildRules = (
			);
			dependencies = (
				658C86732A78E052002C65F0 /* PBXTargetDependency */,
			);
			name = "iOS-TicketTimerUITests";
			productName = "iOS-TicketTimerUITests";
			productReference = 658C86712A78E052002C65F0 /* iOS-TicketTimerUITests.xctest */;
			productType = "com.apple.product-type.bundle.ui-testing";
		};
/* End PBXNativeTarget section */

/* Begin PBXProject section */
		658C86492A78E04D002C65F0 /* Project object */ = {
			isa = PBXProject;
			attributes = {
				BuildIndependentTargetsInParallel = 1;
				LastSwiftUpdateCheck = 1430;
				LastUpgradeCheck = 1430;
				TargetAttributes = {
					658C86502A78E04D002C65F0 = {
						CreatedOnToolsVersion = 14.3.1;
					};
					658C86662A78E052002C65F0 = {
						CreatedOnToolsVersion = 14.3.1;
						TestTargetID = 658C86502A78E04D002C65F0;
					};
					658C86702A78E052002C65F0 = {
						CreatedOnToolsVersion = 14.3.1;
						TestTargetID = 658C86502A78E04D002C65F0;
					};
				};
			};
			buildConfigurationList = 658C864C2A78E04D002C65F0 /* Build configuration list for PBXProject "iOS-TicketTimer" */;
			compatibilityVersion = "Xcode 13.0";
			developmentRegion = en;
			hasScannedForEncodings = 0;
			knownRegions = (
				en,
				Base,
			);
			mainGroup = 658C86482A78E04D002C65F0;
			productRefGroup = 658C86522A78E04D002C65F0 /* Products */;
			projectDirPath = "";
			projectRoot = "";
			targets = (
				658C86502A78E04D002C65F0 /* iOS-TicketTimer */,
				658C86662A78E052002C65F0 /* iOS-TicketTimerTests */,
				658C86702A78E052002C65F0 /* iOS-TicketTimerUITests */,
			);
		};
/* End PBXProject section */

/* Begin PBXResourcesBuildPhase section */
		658C864F2A78E04D002C65F0 /* Resources */ = {
			isa = PBXResourcesBuildPhase;
			buildActionMask = 2147483647;
			files = (
				658C86612A78E051002C65F0 /* LaunchScreen.storyboard in Resources */,
				658C865E2A78E051002C65F0 /* Assets.xcassets in Resources */,
			);
			runOnlyForDeploymentPostprocessing = 0;
		};
		658C86652A78E052002C65F0 /* Resources */ = {
			isa = PBXResourcesBuildPhase;
			buildActionMask = 2147483647;
			files = (
			);
			runOnlyForDeploymentPostprocessing = 0;
		};
		658C866F2A78E052002C65F0 /* Resources */ = {
			isa = PBXResourcesBuildPhase;
			buildActionMask = 2147483647;
			files = (
			);
			runOnlyForDeploymentPostprocessing = 0;
		};
/* End PBXResourcesBuildPhase section */

/* Begin PBXShellScriptBuildPhase section */
		758D4F3055ACA1C6D10356A5 /* [CP] Check Pods Manifest.lock */ = {
			isa = PBXShellScriptBuildPhase;
			buildActionMask = 2147483647;
			files = (
			);
			inputFileListPaths = (
			);
			inputPaths = (
				"${PODS_PODFILE_DIR_PATH}/Podfile.lock",
				"${PODS_ROOT}/Manifest.lock",
			);
			name = "[CP] Check Pods Manifest.lock";
			outputFileListPaths = (
			);
			outputPaths = (
				"$(DERIVED_FILE_DIR)/Pods-iOS-TicketTimerUITests-checkManifestLockResult.txt",
			);
			runOnlyForDeploymentPostprocessing = 0;
			shellPath = /bin/sh;
			shellScript = "diff \"${PODS_PODFILE_DIR_PATH}/Podfile.lock\" \"${PODS_ROOT}/Manifest.lock\" > /dev/null\nif [ $? != 0 ] ; then\n    # print error to STDERR\n    echo \"error: The sandbox is not in sync with the Podfile.lock. Run 'pod install' or update your CocoaPods installation.\" >&2\n    exit 1\nfi\n# This output is used by Xcode 'outputs' to avoid re-running this script phase.\necho \"SUCCESS\" > \"${SCRIPT_OUTPUT_FILE_0}\"\n";
			showEnvVarsInLog = 0;
		};
		ACFC4334944282B27C628258 /* [CP] Check Pods Manifest.lock */ = {
			isa = PBXShellScriptBuildPhase;
			buildActionMask = 2147483647;
			files = (
			);
			inputFileListPaths = (
			);
			inputPaths = (
				"${PODS_PODFILE_DIR_PATH}/Podfile.lock",
				"${PODS_ROOT}/Manifest.lock",
			);
			name = "[CP] Check Pods Manifest.lock";
			outputFileListPaths = (
			);
			outputPaths = (
				"$(DERIVED_FILE_DIR)/Pods-iOS-TicketTimerTests-checkManifestLockResult.txt",
			);
			runOnlyForDeploymentPostprocessing = 0;
			shellPath = /bin/sh;
			shellScript = "diff \"${PODS_PODFILE_DIR_PATH}/Podfile.lock\" \"${PODS_ROOT}/Manifest.lock\" > /dev/null\nif [ $? != 0 ] ; then\n    # print error to STDERR\n    echo \"error: The sandbox is not in sync with the Podfile.lock. Run 'pod install' or update your CocoaPods installation.\" >&2\n    exit 1\nfi\n# This output is used by Xcode 'outputs' to avoid re-running this script phase.\necho \"SUCCESS\" > \"${SCRIPT_OUTPUT_FILE_0}\"\n";
			showEnvVarsInLog = 0;
		};
		BB4E781FD1A5428681A1BB27 /* [CP] Check Pods Manifest.lock */ = {
			isa = PBXShellScriptBuildPhase;
			buildActionMask = 2147483647;
			files = (
			);
			inputFileListPaths = (
			);
			inputPaths = (
				"${PODS_PODFILE_DIR_PATH}/Podfile.lock",
				"${PODS_ROOT}/Manifest.lock",
			);
			name = "[CP] Check Pods Manifest.lock";
			outputFileListPaths = (
			);
			outputPaths = (
				"$(DERIVED_FILE_DIR)/Pods-iOS-TicketTimer-checkManifestLockResult.txt",
			);
			runOnlyForDeploymentPostprocessing = 0;
			shellPath = /bin/sh;
			shellScript = "diff \"${PODS_PODFILE_DIR_PATH}/Podfile.lock\" \"${PODS_ROOT}/Manifest.lock\" > /dev/null\nif [ $? != 0 ] ; then\n    # print error to STDERR\n    echo \"error: The sandbox is not in sync with the Podfile.lock. Run 'pod install' or update your CocoaPods installation.\" >&2\n    exit 1\nfi\n# This output is used by Xcode 'outputs' to avoid re-running this script phase.\necho \"SUCCESS\" > \"${SCRIPT_OUTPUT_FILE_0}\"\n";
			showEnvVarsInLog = 0;
		};
		FB9149272EECAD7252191CE8 /* [CP] Embed Pods Frameworks */ = {
			isa = PBXShellScriptBuildPhase;
			buildActionMask = 2147483647;
			files = (
			);
			inputFileListPaths = (
				"${PODS_ROOT}/Target Support Files/Pods-iOS-TicketTimer/Pods-iOS-TicketTimer-frameworks-${CONFIGURATION}-input-files.xcfilelist",
			);
			name = "[CP] Embed Pods Frameworks";
			outputFileListPaths = (
				"${PODS_ROOT}/Target Support Files/Pods-iOS-TicketTimer/Pods-iOS-TicketTimer-frameworks-${CONFIGURATION}-output-files.xcfilelist",
			);
			runOnlyForDeploymentPostprocessing = 0;
			shellPath = /bin/sh;
			shellScript = "\"${PODS_ROOT}/Target Support Files/Pods-iOS-TicketTimer/Pods-iOS-TicketTimer-frameworks.sh\"\n";
			showEnvVarsInLog = 0;
		};
/* End PBXShellScriptBuildPhase section */

/* Begin PBXSourcesBuildPhase section */
		658C864D2A78E04D002C65F0 /* Sources */ = {
			isa = PBXSourcesBuildPhase;
			buildActionMask = 2147483647;
			files = (
				8F1AFF0E2ADF68CD00972CFC /* String+toTime.swift in Sources */,
				9AB92BF32ACC4A69002C4B0A /* MusicalViewModel.swift in Sources */,
				9AB92BEB2ACC4A37002C4B0A /* CalendarViewModel.swift in Sources */,
				9AB92BF12ACC4A5D002C4B0A /* MusicalViewController.swift in Sources */,
				8FAC38802AE10BC200F26558 /* String+toDateAndTime.swift in Sources */,
				8FAC387A2AE0CABA00F26558 /* AlarmViewModel.swift in Sources */,
				8F33E9282AD4D55500B7AD21 /* PlatformLabel.swift in Sources */,
				9AB92BFA2ACC4D61002C4B0A /* AuthService.swift in Sources */,
				9AB92BD42ACC48E9002C4B0A /* LoginViewModel.swift in Sources */,
				9AB92BFC2ACC4D6F002C4B0A /* Auth.swift in Sources */,
				658C86552A78E04D002C65F0 /* AppDelegate.swift in Sources */,
				9AB92BF82ACC4BC8002C4B0A /* Enum.swift in Sources */,
				9A00CD972AD1314400E9813F /* Musicals.swift in Sources */,
				9A00CD932AD12BDA00E9813F /* MusicalService.swift in Sources */,
				8FAC387E2AE0DBDA00F26558 /* String+toDateType.swift in Sources */,
				65709A112A91D2E200A9DF7A /* KakaoLogin.swift in Sources */,
				9A16AC042ACD99C0007C5570 /* HomeTableViewCell.swift in Sources */,
				8F1AFF072ADCD6E700972CFC /* SearchAllResultsView.swift in Sources */,
				9AB92BE92ACC4A2C002C4B0A /* CalendarViewController.swift in Sources */,
				8F33E92F2AD4E01D00B7AD21 /* UILabel+setup.swift in Sources */,
				9AB92BE52ACC4A10002C4B0A /* SettingsViewController.swift in Sources */,
				8FA0347F2AD0F324001FEC71 /* PaddingLabel.swift in Sources */,
				9A00CD952AD12FC300E9813F /* Response.swift in Sources */,
				9AB92BDC2ACC4921002C4B0A /* HomeViewModel.swift in Sources */,
				9AB92BD62ACC48FE002C4B0A /* LoginViewController.swift in Sources */,
				9AB92BED2ACC4A40002C4B0A /* SettingsViewModel.swift in Sources */,
				8FAC38872AE217FB00F26558 /* AlarmConfigureViewController.swift in Sources */,
				9AB92BF62ACC4B7C002C4B0A /* Extension.swift in Sources */,
				8F33E92B2AD4D7EE00B7AD21 /* UIColor+ColorAssests.swift in Sources */,
				8FA034912AD3E246001FEC71 /* RecentlyViewdCollectionViewCell.swift in Sources */,
				8F70CD162AD00D6A00586847 /* MusicalTableViewCell.swift in Sources */,
				9AB92BDE2ACC492A002C4B0A /* HomeViewController.swift in Sources */,
				8FA0349D2AD3E521001FEC71 /* MusicalDetailViewController.swift in Sources */,
				A95CEE862ACE8CA100DED768 /* HomeCollectionViewCell.swift in Sources */,
				8FA034972AD3E258001FEC71 /* SearchResultView.swift in Sources */,
				8FA0349B2AD3E36D001FEC71 /* RecentlyResearchedTableViewCell.swift in Sources */,
				9AB92BDA2ACC4917002C4B0A /* TabBarViewController.swift in Sources */,
				8F1AFF0A2ADE16D200972CFC /* UserDefaultService.swift in Sources */,
				9AB92BD82ACC490C002C4B0A /* TabBarViewModel.swift in Sources */,
				8F33E9312AD4EAC200B7AD21 /* NoticeTableViewCell.swift in Sources */,
				8FAC38852AE2162300F26558 /* MypageViewController.swift in Sources */,
				658C86572A78E04D002C65F0 /* SceneDelegate.swift in Sources */,
				8F33E92D2AD4D81000B7AD21 /* UIColor+HexColor.swift in Sources */,
				8F1AFF0C2ADF68C700972CFC /* String+toDate.swift in Sources */,
				8FA034952AD3E258001FEC71 /* SearchReadyView.swift in Sources */,
				9AB92BFF2ACC51CE002C4B0A /* Protocol.swift in Sources */,
				8FAC38892AE218BD00F26558 /* UseInfoViewController.swift in Sources */,
				8FA034962AD3E258001FEC71 /* SearchInactiveView.swift in Sources */,
				8F33E9252AD4D30C00B7AD21 /* AlarmSettingViewController.swift in Sources */,
				8FAC388B2AE2294900F26558 /* ChangeUsernameViewController.swift in Sources */,
				8FAC38782AE0CA5800F26558 /* LocalAlarm.swift in Sources */,
			);
			runOnlyForDeploymentPostprocessing = 0;
		};
		658C86632A78E052002C65F0 /* Sources */ = {
			isa = PBXSourcesBuildPhase;
			buildActionMask = 2147483647;
			files = (
				658C866C2A78E052002C65F0 /* iOS_TicketTimerTests.swift in Sources */,
			);
			runOnlyForDeploymentPostprocessing = 0;
		};
		658C866D2A78E052002C65F0 /* Sources */ = {
			isa = PBXSourcesBuildPhase;
			buildActionMask = 2147483647;
			files = (
				658C86782A78E052002C65F0 /* iOS_TicketTimerUITestsLaunchTests.swift in Sources */,
				658C86762A78E052002C65F0 /* iOS_TicketTimerUITests.swift in Sources */,
			);
			runOnlyForDeploymentPostprocessing = 0;
		};
/* End PBXSourcesBuildPhase section */

/* Begin PBXTargetDependency section */
		658C86692A78E052002C65F0 /* PBXTargetDependency */ = {
			isa = PBXTargetDependency;
			target = 658C86502A78E04D002C65F0 /* iOS-TicketTimer */;
			targetProxy = 658C86682A78E052002C65F0 /* PBXContainerItemProxy */;
		};
		658C86732A78E052002C65F0 /* PBXTargetDependency */ = {
			isa = PBXTargetDependency;
			target = 658C86502A78E04D002C65F0 /* iOS-TicketTimer */;
			targetProxy = 658C86722A78E052002C65F0 /* PBXContainerItemProxy */;
		};
/* End PBXTargetDependency section */

/* Begin PBXVariantGroup section */
		658C865F2A78E051002C65F0 /* LaunchScreen.storyboard */ = {
			isa = PBXVariantGroup;
			children = (
				658C86602A78E051002C65F0 /* Base */,
			);
			name = LaunchScreen.storyboard;
			sourceTree = "<group>";
		};
/* End PBXVariantGroup section */

/* Begin XCBuildConfiguration section */
		658C86792A78E052002C65F0 /* Debug */ = {
			isa = XCBuildConfiguration;
			buildSettings = {
				ALWAYS_SEARCH_USER_PATHS = NO;
				CLANG_ANALYZER_NONNULL = YES;
				CLANG_ANALYZER_NUMBER_OBJECT_CONVERSION = YES_AGGRESSIVE;
				CLANG_CXX_LANGUAGE_STANDARD = "gnu++20";
				CLANG_ENABLE_MODULES = YES;
				CLANG_ENABLE_OBJC_ARC = YES;
				CLANG_ENABLE_OBJC_WEAK = YES;
				CLANG_WARN_BLOCK_CAPTURE_AUTORELEASING = YES;
				CLANG_WARN_BOOL_CONVERSION = YES;
				CLANG_WARN_COMMA = YES;
				CLANG_WARN_CONSTANT_CONVERSION = YES;
				CLANG_WARN_DEPRECATED_OBJC_IMPLEMENTATIONS = YES;
				CLANG_WARN_DIRECT_OBJC_ISA_USAGE = YES_ERROR;
				CLANG_WARN_DOCUMENTATION_COMMENTS = YES;
				CLANG_WARN_EMPTY_BODY = YES;
				CLANG_WARN_ENUM_CONVERSION = YES;
				CLANG_WARN_INFINITE_RECURSION = YES;
				CLANG_WARN_INT_CONVERSION = YES;
				CLANG_WARN_NON_LITERAL_NULL_CONVERSION = YES;
				CLANG_WARN_OBJC_IMPLICIT_RETAIN_SELF = YES;
				CLANG_WARN_OBJC_LITERAL_CONVERSION = YES;
				CLANG_WARN_OBJC_ROOT_CLASS = YES_ERROR;
				CLANG_WARN_QUOTED_INCLUDE_IN_FRAMEWORK_HEADER = YES;
				CLANG_WARN_RANGE_LOOP_ANALYSIS = YES;
				CLANG_WARN_STRICT_PROTOTYPES = YES;
				CLANG_WARN_SUSPICIOUS_MOVE = YES;
				CLANG_WARN_UNGUARDED_AVAILABILITY = YES_AGGRESSIVE;
				CLANG_WARN_UNREACHABLE_CODE = YES;
				CLANG_WARN__DUPLICATE_METHOD_MATCH = YES;
				COPY_PHASE_STRIP = NO;
				DEBUG_INFORMATION_FORMAT = dwarf;
				ENABLE_STRICT_OBJC_MSGSEND = YES;
				ENABLE_TESTABILITY = YES;
				GCC_C_LANGUAGE_STANDARD = gnu11;
				GCC_DYNAMIC_NO_PIC = NO;
				GCC_NO_COMMON_BLOCKS = YES;
				GCC_OPTIMIZATION_LEVEL = 0;
				GCC_PREPROCESSOR_DEFINITIONS = (
					"DEBUG=1",
					"$(inherited)",
				);
				GCC_WARN_64_TO_32_BIT_CONVERSION = YES;
				GCC_WARN_ABOUT_RETURN_TYPE = YES_ERROR;
				GCC_WARN_UNDECLARED_SELECTOR = YES;
				GCC_WARN_UNINITIALIZED_AUTOS = YES_AGGRESSIVE;
				GCC_WARN_UNUSED_FUNCTION = YES;
				GCC_WARN_UNUSED_VARIABLE = YES;
				IPHONEOS_DEPLOYMENT_TARGET = 15.0;
				MTL_ENABLE_DEBUG_INFO = INCLUDE_SOURCE;
				MTL_FAST_MATH = YES;
				ONLY_ACTIVE_ARCH = YES;
				SDKROOT = iphoneos;
				SWIFT_ACTIVE_COMPILATION_CONDITIONS = DEBUG;
				SWIFT_OPTIMIZATION_LEVEL = "-Onone";
			};
			name = Debug;
		};
		658C867A2A78E052002C65F0 /* Release */ = {
			isa = XCBuildConfiguration;
			buildSettings = {
				ALWAYS_SEARCH_USER_PATHS = NO;
				CLANG_ANALYZER_NONNULL = YES;
				CLANG_ANALYZER_NUMBER_OBJECT_CONVERSION = YES_AGGRESSIVE;
				CLANG_CXX_LANGUAGE_STANDARD = "gnu++20";
				CLANG_ENABLE_MODULES = YES;
				CLANG_ENABLE_OBJC_ARC = YES;
				CLANG_ENABLE_OBJC_WEAK = YES;
				CLANG_WARN_BLOCK_CAPTURE_AUTORELEASING = YES;
				CLANG_WARN_BOOL_CONVERSION = YES;
				CLANG_WARN_COMMA = YES;
				CLANG_WARN_CONSTANT_CONVERSION = YES;
				CLANG_WARN_DEPRECATED_OBJC_IMPLEMENTATIONS = YES;
				CLANG_WARN_DIRECT_OBJC_ISA_USAGE = YES_ERROR;
				CLANG_WARN_DOCUMENTATION_COMMENTS = YES;
				CLANG_WARN_EMPTY_BODY = YES;
				CLANG_WARN_ENUM_CONVERSION = YES;
				CLANG_WARN_INFINITE_RECURSION = YES;
				CLANG_WARN_INT_CONVERSION = YES;
				CLANG_WARN_NON_LITERAL_NULL_CONVERSION = YES;
				CLANG_WARN_OBJC_IMPLICIT_RETAIN_SELF = YES;
				CLANG_WARN_OBJC_LITERAL_CONVERSION = YES;
				CLANG_WARN_OBJC_ROOT_CLASS = YES_ERROR;
				CLANG_WARN_QUOTED_INCLUDE_IN_FRAMEWORK_HEADER = YES;
				CLANG_WARN_RANGE_LOOP_ANALYSIS = YES;
				CLANG_WARN_STRICT_PROTOTYPES = YES;
				CLANG_WARN_SUSPICIOUS_MOVE = YES;
				CLANG_WARN_UNGUARDED_AVAILABILITY = YES_AGGRESSIVE;
				CLANG_WARN_UNREACHABLE_CODE = YES;
				CLANG_WARN__DUPLICATE_METHOD_MATCH = YES;
				COPY_PHASE_STRIP = NO;
				DEBUG_INFORMATION_FORMAT = "dwarf-with-dsym";
				ENABLE_NS_ASSERTIONS = NO;
				ENABLE_STRICT_OBJC_MSGSEND = YES;
				GCC_C_LANGUAGE_STANDARD = gnu11;
				GCC_NO_COMMON_BLOCKS = YES;
				GCC_WARN_64_TO_32_BIT_CONVERSION = YES;
				GCC_WARN_ABOUT_RETURN_TYPE = YES_ERROR;
				GCC_WARN_UNDECLARED_SELECTOR = YES;
				GCC_WARN_UNINITIALIZED_AUTOS = YES_AGGRESSIVE;
				GCC_WARN_UNUSED_FUNCTION = YES;
				GCC_WARN_UNUSED_VARIABLE = YES;
				IPHONEOS_DEPLOYMENT_TARGET = 15.0;
				MTL_ENABLE_DEBUG_INFO = NO;
				MTL_FAST_MATH = YES;
				SDKROOT = iphoneos;
				SWIFT_COMPILATION_MODE = wholemodule;
				SWIFT_OPTIMIZATION_LEVEL = "-O";
				VALIDATE_PRODUCT = YES;
			};
			name = Release;
		};
		658C867C2A78E052002C65F0 /* Debug */ = {
			isa = XCBuildConfiguration;
			baseConfigurationReference = 9C912B141105A893374DFADD /* Pods-iOS-TicketTimer.debug.xcconfig */;
			buildSettings = {
				ASSETCATALOG_COMPILER_APPICON_NAME = AppIcon;
				ASSETCATALOG_COMPILER_GLOBAL_ACCENT_COLOR_NAME = AccentColor;
				CODE_SIGN_STYLE = Automatic;
				CURRENT_PROJECT_VERSION = 1;
				DEVELOPMENT_TEAM = 6RZ3FF956G;
				GENERATE_INFOPLIST_FILE = YES;
				INFOPLIST_FILE = "iOS-TicketTimer/Info.plist";
				INFOPLIST_KEY_UIApplicationSupportsIndirectInputEvents = YES;
				INFOPLIST_KEY_UILaunchStoryboardName = LaunchScreen.storyboard;
				INFOPLIST_KEY_UISupportedInterfaceOrientations_iPad = "UIInterfaceOrientationPortrait UIInterfaceOrientationPortraitUpsideDown UIInterfaceOrientationLandscapeLeft UIInterfaceOrientationLandscapeRight";
				INFOPLIST_KEY_UISupportedInterfaceOrientations_iPhone = "UIInterfaceOrientationPortrait UIInterfaceOrientationLandscapeLeft UIInterfaceOrientationLandscapeRight";
				INFOPLIST_KEY_UIUserInterfaceStyle = Light;
				IPHONEOS_DEPLOYMENT_TARGET = 15.0;
				LD_RUNPATH_SEARCH_PATHS = (
					"$(inherited)",
					"@executable_path/Frameworks",
				);
				MARKETING_VERSION = 1.0;
				PRODUCT_BUNDLE_IDENTIFIER = "Jinhyung.iOS-TicketTimer";
				PRODUCT_NAME = "$(TARGET_NAME)";
				SWIFT_EMIT_LOC_STRINGS = YES;
				SWIFT_VERSION = 5.0;
				TARGETED_DEVICE_FAMILY = "1,2";
			};
			name = Debug;
		};
		658C867D2A78E052002C65F0 /* Release */ = {
			isa = XCBuildConfiguration;
			baseConfigurationReference = 409CDA5F37B6D9FF005D7864 /* Pods-iOS-TicketTimer.release.xcconfig */;
			buildSettings = {
				ASSETCATALOG_COMPILER_APPICON_NAME = AppIcon;
				ASSETCATALOG_COMPILER_GLOBAL_ACCENT_COLOR_NAME = AccentColor;
				CODE_SIGN_STYLE = Automatic;
				CURRENT_PROJECT_VERSION = 1;
				DEVELOPMENT_TEAM = 6RZ3FF956G;
				GENERATE_INFOPLIST_FILE = YES;
				INFOPLIST_FILE = "iOS-TicketTimer/Info.plist";
				INFOPLIST_KEY_UIApplicationSupportsIndirectInputEvents = YES;
				INFOPLIST_KEY_UILaunchStoryboardName = LaunchScreen.storyboard;
				INFOPLIST_KEY_UISupportedInterfaceOrientations_iPad = "UIInterfaceOrientationPortrait UIInterfaceOrientationPortraitUpsideDown UIInterfaceOrientationLandscapeLeft UIInterfaceOrientationLandscapeRight";
				INFOPLIST_KEY_UISupportedInterfaceOrientations_iPhone = "UIInterfaceOrientationPortrait UIInterfaceOrientationLandscapeLeft UIInterfaceOrientationLandscapeRight";
				INFOPLIST_KEY_UIUserInterfaceStyle = Light;
				IPHONEOS_DEPLOYMENT_TARGET = 15.0;
				LD_RUNPATH_SEARCH_PATHS = (
					"$(inherited)",
					"@executable_path/Frameworks",
				);
				MARKETING_VERSION = 1.0;
				PRODUCT_BUNDLE_IDENTIFIER = "Jinhyung.iOS-TicketTimer";
				PRODUCT_NAME = "$(TARGET_NAME)";
				SWIFT_EMIT_LOC_STRINGS = YES;
				SWIFT_VERSION = 5.0;
				TARGETED_DEVICE_FAMILY = "1,2";
			};
			name = Release;
		};
		658C867F2A78E052002C65F0 /* Debug */ = {
			isa = XCBuildConfiguration;
			baseConfigurationReference = BB5665413DCB1AD673F2B4E5 /* Pods-iOS-TicketTimerTests.debug.xcconfig */;
			buildSettings = {
				ALWAYS_EMBED_SWIFT_STANDARD_LIBRARIES = YES;
				BUNDLE_LOADER = "$(TEST_HOST)";
				CODE_SIGN_STYLE = Automatic;
				CURRENT_PROJECT_VERSION = 1;
				DEVELOPMENT_TEAM = D746B485BV;
				GENERATE_INFOPLIST_FILE = YES;
				IPHONEOS_DEPLOYMENT_TARGET = 15.0;
				MARKETING_VERSION = 1.0;
				PRODUCT_BUNDLE_IDENTIFIER = "Jinhyung.iOS-TicketTimerTests";
				PRODUCT_NAME = "$(TARGET_NAME)";
				SWIFT_EMIT_LOC_STRINGS = NO;
				SWIFT_VERSION = 5.0;
				TARGETED_DEVICE_FAMILY = "1,2";
				TEST_HOST = "$(BUILT_PRODUCTS_DIR)/iOS-TicketTimer.app/$(BUNDLE_EXECUTABLE_FOLDER_PATH)/iOS-TicketTimer";
			};
			name = Debug;
		};
		658C86802A78E052002C65F0 /* Release */ = {
			isa = XCBuildConfiguration;
			baseConfigurationReference = 6B14AF104037D2946F72EE47 /* Pods-iOS-TicketTimerTests.release.xcconfig */;
			buildSettings = {
				ALWAYS_EMBED_SWIFT_STANDARD_LIBRARIES = YES;
				BUNDLE_LOADER = "$(TEST_HOST)";
				CODE_SIGN_STYLE = Automatic;
				CURRENT_PROJECT_VERSION = 1;
				DEVELOPMENT_TEAM = D746B485BV;
				GENERATE_INFOPLIST_FILE = YES;
				IPHONEOS_DEPLOYMENT_TARGET = 15.0;
				MARKETING_VERSION = 1.0;
				PRODUCT_BUNDLE_IDENTIFIER = "Jinhyung.iOS-TicketTimerTests";
				PRODUCT_NAME = "$(TARGET_NAME)";
				SWIFT_EMIT_LOC_STRINGS = NO;
				SWIFT_VERSION = 5.0;
				TARGETED_DEVICE_FAMILY = "1,2";
				TEST_HOST = "$(BUILT_PRODUCTS_DIR)/iOS-TicketTimer.app/$(BUNDLE_EXECUTABLE_FOLDER_PATH)/iOS-TicketTimer";
			};
			name = Release;
		};
		658C86822A78E052002C65F0 /* Debug */ = {
			isa = XCBuildConfiguration;
			baseConfigurationReference = 29C40C320A9AA505E194F9D7 /* Pods-iOS-TicketTimerUITests.debug.xcconfig */;
			buildSettings = {
				ALWAYS_EMBED_SWIFT_STANDARD_LIBRARIES = YES;
				CODE_SIGN_STYLE = Automatic;
				CURRENT_PROJECT_VERSION = 1;
				DEVELOPMENT_TEAM = D746B485BV;
				GENERATE_INFOPLIST_FILE = YES;
				MARKETING_VERSION = 1.0;
				PRODUCT_BUNDLE_IDENTIFIER = "Jinhyung.iOS-TicketTimerUITests";
				PRODUCT_NAME = "$(TARGET_NAME)";
				SWIFT_EMIT_LOC_STRINGS = NO;
				SWIFT_VERSION = 5.0;
				TARGETED_DEVICE_FAMILY = "1,2";
				TEST_TARGET_NAME = "iOS-TicketTimer";
			};
			name = Debug;
		};
		658C86832A78E052002C65F0 /* Release */ = {
			isa = XCBuildConfiguration;
			baseConfigurationReference = 986F84F978BE7D5AC58A5A50 /* Pods-iOS-TicketTimerUITests.release.xcconfig */;
			buildSettings = {
				ALWAYS_EMBED_SWIFT_STANDARD_LIBRARIES = YES;
				CODE_SIGN_STYLE = Automatic;
				CURRENT_PROJECT_VERSION = 1;
				DEVELOPMENT_TEAM = D746B485BV;
				GENERATE_INFOPLIST_FILE = YES;
				MARKETING_VERSION = 1.0;
				PRODUCT_BUNDLE_IDENTIFIER = "Jinhyung.iOS-TicketTimerUITests";
				PRODUCT_NAME = "$(TARGET_NAME)";
				SWIFT_EMIT_LOC_STRINGS = NO;
				SWIFT_VERSION = 5.0;
				TARGETED_DEVICE_FAMILY = "1,2";
				TEST_TARGET_NAME = "iOS-TicketTimer";
			};
			name = Release;
		};
/* End XCBuildConfiguration section */

/* Begin XCConfigurationList section */
		658C864C2A78E04D002C65F0 /* Build configuration list for PBXProject "iOS-TicketTimer" */ = {
			isa = XCConfigurationList;
			buildConfigurations = (
				658C86792A78E052002C65F0 /* Debug */,
				658C867A2A78E052002C65F0 /* Release */,
			);
			defaultConfigurationIsVisible = 0;
			defaultConfigurationName = Release;
		};
		658C867B2A78E052002C65F0 /* Build configuration list for PBXNativeTarget "iOS-TicketTimer" */ = {
			isa = XCConfigurationList;
			buildConfigurations = (
				658C867C2A78E052002C65F0 /* Debug */,
				658C867D2A78E052002C65F0 /* Release */,
			);
			defaultConfigurationIsVisible = 0;
			defaultConfigurationName = Release;
		};
		658C867E2A78E052002C65F0 /* Build configuration list for PBXNativeTarget "iOS-TicketTimerTests" */ = {
			isa = XCConfigurationList;
			buildConfigurations = (
				658C867F2A78E052002C65F0 /* Debug */,
				658C86802A78E052002C65F0 /* Release */,
			);
			defaultConfigurationIsVisible = 0;
			defaultConfigurationName = Release;
		};
		658C86812A78E052002C65F0 /* Build configuration list for PBXNativeTarget "iOS-TicketTimerUITests" */ = {
			isa = XCConfigurationList;
			buildConfigurations = (
				658C86822A78E052002C65F0 /* Debug */,
				658C86832A78E052002C65F0 /* Release */,
			);
			defaultConfigurationIsVisible = 0;
			defaultConfigurationName = Release;
		};
/* End XCConfigurationList section */
	};
	rootObject = 658C86492A78E04D002C65F0 /* Project object */;
}
